// !$*UTF8*$!
{
	archiveVersion = 1;
	classes = {
	};
	objectVersion = 50;
	objects = {

/* Begin PBXBuildFile section */
		38557C8E262DC41000FD45F5 /* AppDelegate.swift in Sources */ = {isa = PBXBuildFile; fileRef = 38557C8D262DC41000FD45F5 /* AppDelegate.swift */; };
		38557C90262DC41000FD45F5 /* SceneDelegate.swift in Sources */ = {isa = PBXBuildFile; fileRef = 38557C8F262DC41000FD45F5 /* SceneDelegate.swift */; };
		38557C92262DC41000FD45F5 /* ViewController.swift in Sources */ = {isa = PBXBuildFile; fileRef = 38557C91262DC41000FD45F5 /* ViewController.swift */; };
		38557C95262DC41000FD45F5 /* Main.storyboard in Resources */ = {isa = PBXBuildFile; fileRef = 38557C93262DC41000FD45F5 /* Main.storyboard */; };
		38557C97262DC41100FD45F5 /* Assets.xcassets in Resources */ = {isa = PBXBuildFile; fileRef = 38557C96262DC41100FD45F5 /* Assets.xcassets */; };
		38557C9A262DC41100FD45F5 /* LaunchScreen.storyboard in Resources */ = {isa = PBXBuildFile; fileRef = 38557C98262DC41100FD45F5 /* LaunchScreen.storyboard */; };
		38557CA5262DC41100FD45F5 /* tanks_brotherTests.swift in Sources */ = {isa = PBXBuildFile; fileRef = 38557CA4262DC41100FD45F5 /* tanks_brotherTests.swift */; };
		38557CB0262DC41100FD45F5 /* tanks_brotherUITests.swift in Sources */ = {isa = PBXBuildFile; fileRef = 38557CAF262DC41100FD45F5 /* tanks_brotherUITests.swift */; };
/* End PBXBuildFile section */

/* Begin PBXContainerItemProxy section */
		38557CA1262DC41100FD45F5 /* PBXContainerItemProxy */ = {
			isa = PBXContainerItemProxy;
			containerPortal = 38557C82262DC41000FD45F5 /* Project object */;
			proxyType = 1;
			remoteGlobalIDString = 38557C89262DC41000FD45F5;
			remoteInfo = "tanks brother";
		};
		38557CAC262DC41100FD45F5 /* PBXContainerItemProxy */ = {
			isa = PBXContainerItemProxy;
			containerPortal = 38557C82262DC41000FD45F5 /* Project object */;
			proxyType = 1;
			remoteGlobalIDString = 38557C89262DC41000FD45F5;
			remoteInfo = "tanks brother";
		};
/* End PBXContainerItemProxy section */

/* Begin PBXFileReference section */
		38557C8A262DC41000FD45F5 /* tanks brother.app */ = {isa = PBXFileReference; explicitFileType = wrapper.application; includeInIndex = 0; path = "tanks brother.app"; sourceTree = BUILT_PRODUCTS_DIR; };
		38557C8D262DC41000FD45F5 /* AppDelegate.swift */ = {isa = PBXFileReference; lastKnownFileType = sourcecode.swift; path = AppDelegate.swift; sourceTree = "<group>"; };
		38557C8F262DC41000FD45F5 /* SceneDelegate.swift */ = {isa = PBXFileReference; lastKnownFileType = sourcecode.swift; path = SceneDelegate.swift; sourceTree = "<group>"; };
		38557C91262DC41000FD45F5 /* ViewController.swift */ = {isa = PBXFileReference; lastKnownFileType = sourcecode.swift; path = ViewController.swift; sourceTree = "<group>"; };
		38557C94262DC41000FD45F5 /* Base */ = {isa = PBXFileReference; lastKnownFileType = file.storyboard; name = Base; path = Base.lproj/Main.storyboard; sourceTree = "<group>"; };
		38557C96262DC41100FD45F5 /* Assets.xcassets */ = {isa = PBXFileReference; lastKnownFileType = folder.assetcatalog; path = Assets.xcassets; sourceTree = "<group>"; };
		38557C99262DC41100FD45F5 /* Base */ = {isa = PBXFileReference; lastKnownFileType = file.storyboard; name = Base; path = Base.lproj/LaunchScreen.storyboard; sourceTree = "<group>"; };
		38557C9B262DC41100FD45F5 /* Info.plist */ = {isa = PBXFileReference; lastKnownFileType = text.plist.xml; path = Info.plist; sourceTree = "<group>"; };
		38557CA0262DC41100FD45F5 /* tanks brotherTests.xctest */ = {isa = PBXFileReference; explicitFileType = wrapper.cfbundle; includeInIndex = 0; path = "tanks brotherTests.xctest"; sourceTree = BUILT_PRODUCTS_DIR; };
		38557CA4262DC41100FD45F5 /* tanks_brotherTests.swift */ = {isa = PBXFileReference; lastKnownFileType = sourcecode.swift; path = tanks_brotherTests.swift; sourceTree = "<group>"; };
		38557CA6262DC41100FD45F5 /* Info.plist */ = {isa = PBXFileReference; lastKnownFileType = text.plist.xml; path = Info.plist; sourceTree = "<group>"; };
		38557CAB262DC41100FD45F5 /* tanks brotherUITests.xctest */ = {isa = PBXFileReference; explicitFileType = wrapper.cfbundle; includeInIndex = 0; path = "tanks brotherUITests.xctest"; sourceTree = BUILT_PRODUCTS_DIR; };
		38557CAF262DC41100FD45F5 /* tanks_brotherUITests.swift */ = {isa = PBXFileReference; lastKnownFileType = sourcecode.swift; path = tanks_brotherUITests.swift; sourceTree = "<group>"; };
		38557CB1262DC41100FD45F5 /* Info.plist */ = {isa = PBXFileReference; lastKnownFileType = text.plist.xml; path = Info.plist; sourceTree = "<group>"; };
/* End PBXFileReference section */

/* Begin PBXFrameworksBuildPhase section */
		38557C87262DC41000FD45F5 /* Frameworks */ = {
			isa = PBXFrameworksBuildPhase;
			buildActionMask = 2147483647;
			files = (
			);
			runOnlyForDeploymentPostprocessing = 0;
		};
		38557C9D262DC41100FD45F5 /* Frameworks */ = {
			isa = PBXFrameworksBuildPhase;
			buildActionMask = 2147483647;
			files = (
			);
			runOnlyForDeploymentPostprocessing = 0;
		};
		38557CA8262DC41100FD45F5 /* Frameworks */ = {
			isa = PBXFrameworksBuildPhase;
			buildActionMask = 2147483647;
			files = (
			);
			runOnlyForDeploymentPostprocessing = 0;
		};
/* End PBXFrameworksBuildPhase section */

/* Begin PBXGroup section */
		38557C81262DC41000FD45F5 = {
			isa = PBXGroup;
			children = (
				38557C8C262DC41000FD45F5 /* tanks brother */,
				38557CA3262DC41100FD45F5 /* tanks brotherTests */,
				38557CAE262DC41100FD45F5 /* tanks brotherUITests */,
				38557C8B262DC41000FD45F5 /* Products */,
			);
			sourceTree = "<group>";
		};
		38557C8B262DC41000FD45F5 /* Products */ = {
			isa = PBXGroup;
			children = (
				38557C8A262DC41000FD45F5 /* tanks brother.app */,
				38557CA0262DC41100FD45F5 /* tanks brotherTests.xctest */,
				38557CAB262DC41100FD45F5 /* tanks brotherUITests.xctest */,
			);
			name = Products;
			sourceTree = "<group>";
		};
		38557C8C262DC41000FD45F5 /* tanks brother */ = {
			isa = PBXGroup;
			children = (
				38557C8D262DC41000FD45F5 /* AppDelegate.swift */,
				38557C8F262DC41000FD45F5 /* SceneDelegate.swift */,
				38557C91262DC41000FD45F5 /* ViewController.swift */,
				38557C93262DC41000FD45F5 /* Main.storyboard */,
				38557C96262DC41100FD45F5 /* Assets.xcassets */,
				38557C98262DC41100FD45F5 /* LaunchScreen.storyboard */,
				38557C9B262DC41100FD45F5 /* Info.plist */,
			);
			path = "tanks brother";
			sourceTree = "<group>";
		};
		38557CA3262DC41100FD45F5 /* tanks brotherTests */ = {
			isa = PBXGroup;
			children = (
				38557CA4262DC41100FD45F5 /* tanks_brotherTests.swift */,
				38557CA6262DC41100FD45F5 /* Info.plist */,
			);
			path = "tanks brotherTests";
			sourceTree = "<group>";
		};
		38557CAE262DC41100FD45F5 /* tanks brotherUITests */ = {
			isa = PBXGroup;
			children = (
				38557CAF262DC41100FD45F5 /* tanks_brotherUITests.swift */,
				38557CB1262DC41100FD45F5 /* Info.plist */,
			);
			path = "tanks brotherUITests";
			sourceTree = "<group>";
		};
/* End PBXGroup section */

/* Begin PBXNativeTarget section */
		38557C89262DC41000FD45F5 /* tanks brother */ = {
			isa = PBXNativeTarget;
			buildConfigurationList = 38557CB4262DC41100FD45F5 /* Build configuration list for PBXNativeTarget "tanks brother" */;
			buildPhases = (
				38557C86262DC41000FD45F5 /* Sources */,
				38557C87262DC41000FD45F5 /* Frameworks */,
				38557C88262DC41000FD45F5 /* Resources */,
			);
			buildRules = (
			);
			dependencies = (
			);
			name = "tanks brother";
			productName = "tanks brother";
			productReference = 38557C8A262DC41000FD45F5 /* tanks brother.app */;
			productType = "com.apple.product-type.application";
		};
		38557C9F262DC41100FD45F5 /* tanks brotherTests */ = {
			isa = PBXNativeTarget;
			buildConfigurationList = 38557CB7262DC41100FD45F5 /* Build configuration list for PBXNativeTarget "tanks brotherTests" */;
			buildPhases = (
				38557C9C262DC41100FD45F5 /* Sources */,
				38557C9D262DC41100FD45F5 /* Frameworks */,
				38557C9E262DC41100FD45F5 /* Resources */,
			);
			buildRules = (
			);
			dependencies = (
				38557CA2262DC41100FD45F5 /* PBXTargetDependency */,
			);
			name = "tanks brotherTests";
			productName = "tanks brotherTests";
			productReference = 38557CA0262DC41100FD45F5 /* tanks brotherTests.xctest */;
			productType = "com.apple.product-type.bundle.unit-test";
		};
		38557CAA262DC41100FD45F5 /* tanks brotherUITests */ = {
			isa = PBXNativeTarget;
			buildConfigurationList = 38557CBA262DC41100FD45F5 /* Build configuration list for PBXNativeTarget "tanks brotherUITests" */;
			buildPhases = (
				38557CA7262DC41100FD45F5 /* Sources */,
				38557CA8262DC41100FD45F5 /* Frameworks */,
				38557CA9262DC41100FD45F5 /* Resources */,
			);
			buildRules = (
			);
			dependencies = (
				38557CAD262DC41100FD45F5 /* PBXTargetDependency */,
			);
			name = "tanks brotherUITests";
			productName = "tanks brotherUITests";
			productReference = 38557CAB262DC41100FD45F5 /* tanks brotherUITests.xctest */;
			productType = "com.apple.product-type.bundle.ui-testing";
		};
/* End PBXNativeTarget section */

/* Begin PBXProject section */
		38557C82262DC41000FD45F5 /* Project object */ = {
			isa = PBXProject;
			attributes = {
				LastSwiftUpdateCheck = 1240;
				LastUpgradeCheck = 1240;
				TargetAttributes = {
					38557C89262DC41000FD45F5 = {
						CreatedOnToolsVersion = 12.4;
					};
					38557C9F262DC41100FD45F5 = {
						CreatedOnToolsVersion = 12.4;
						TestTargetID = 38557C89262DC41000FD45F5;
					};
					38557CAA262DC41100FD45F5 = {
						CreatedOnToolsVersion = 12.4;
						TestTargetID = 38557C89262DC41000FD45F5;
					};
				};
			};
			buildConfigurationList = 38557C85262DC41000FD45F5 /* Build configuration list for PBXProject "tanks brother" */;
			compatibilityVersion = "Xcode 9.3";
			developmentRegion = en;
			hasScannedForEncodings = 0;
			knownRegions = (
				en,
				Base,
			);
			mainGroup = 38557C81262DC41000FD45F5;
			productRefGroup = 38557C8B262DC41000FD45F5 /* Products */;
			projectDirPath = "";
			projectRoot = "";
			targets = (
				38557C89262DC41000FD45F5 /* tanks brother */,
				38557C9F262DC41100FD45F5 /* tanks brotherTests */,
				38557CAA262DC41100FD45F5 /* tanks brotherUITests */,
			);
		};
/* End PBXProject section */

/* Begin PBXResourcesBuildPhase section */
		38557C88262DC41000FD45F5 /* Resources */ = {
			isa = PBXResourcesBuildPhase;
			buildActionMask = 2147483647;
			files = (
				38557C9A262DC41100FD45F5 /* LaunchScreen.storyboard in Resources */,
				38557C97262DC41100FD45F5 /* Assets.xcassets in Resources */,
				38557C95262DC41000FD45F5 /* Main.storyboard in Resources */,
			);
			runOnlyForDeploymentPostprocessing = 0;
		};
		38557C9E262DC41100FD45F5 /* Resources */ = {
			isa = PBXResourcesBuildPhase;
			buildActionMask = 2147483647;
			files = (
			);
			runOnlyForDeploymentPostprocessing = 0;
		};
		38557CA9262DC41100FD45F5 /* Resources */ = {
			isa = PBXResourcesBuildPhase;
			buildActionMask = 2147483647;
			files = (
			);
			runOnlyForDeploymentPostprocessing = 0;
		};
/* End PBXResourcesBuildPhase section */

/* Begin PBXSourcesBuildPhase section */
		38557C86262DC41000FD45F5 /* Sources */ = {
			isa = PBXSourcesBuildPhase;
			buildActionMask = 2147483647;
			files = (
				38557C92262DC41000FD45F5 /* ViewController.swift in Sources */,
				38557C8E262DC41000FD45F5 /* AppDelegate.swift in Sources */,
				38557C90262DC41000FD45F5 /* SceneDelegate.swift in Sources */,
			);
			runOnlyForDeploymentPostprocessing = 0;
		};
		38557C9C262DC41100FD45F5 /* Sources */ = {
			isa = PBXSourcesBuildPhase;
			buildActionMask = 2147483647;
			files = (
				38557CA5262DC41100FD45F5 /* tanks_brotherTests.swift in Sources */,
			);
			runOnlyForDeploymentPostprocessing = 0;
		};
		38557CA7262DC41100FD45F5 /* Sources */ = {
			isa = PBXSourcesBuildPhase;
			buildActionMask = 2147483647;
			files = (
				38557CB0262DC41100FD45F5 /* tanks_brotherUITests.swift in Sources */,
			);
			runOnlyForDeploymentPostprocessing = 0;
		};
/* End PBXSourcesBuildPhase section */

/* Begin PBXTargetDependency section */
		38557CA2262DC41100FD45F5 /* PBXTargetDependency */ = {
			isa = PBXTargetDependency;
			target = 38557C89262DC41000FD45F5 /* tanks brother */;
			targetProxy = 38557CA1262DC41100FD45F5 /* PBXContainerItemProxy */;
		};
		38557CAD262DC41100FD45F5 /* PBXTargetDependency */ = {
			isa = PBXTargetDependency;
			target = 38557C89262DC41000FD45F5 /* tanks brother */;
			targetProxy = 38557CAC262DC41100FD45F5 /* PBXContainerItemProxy */;
		};
/* End PBXTargetDependency section */

/* Begin PBXVariantGroup section */
		38557C93262DC41000FD45F5 /* Main.storyboard */ = {
			isa = PBXVariantGroup;
			children = (
				38557C94262DC41000FD45F5 /* Base */,
			);
			name = Main.storyboard;
			sourceTree = "<group>";
		};
		38557C98262DC41100FD45F5 /* LaunchScreen.storyboard */ = {
			isa = PBXVariantGroup;
			children = (
				38557C99262DC41100FD45F5 /* Base */,
			);
			name = LaunchScreen.storyboard;
			sourceTree = "<group>";
		};
/* End PBXVariantGroup section */

/* Begin XCBuildConfiguration section */
		38557CB2262DC41100FD45F5 /* Debug */ = {
			isa = XCBuildConfiguration;
			buildSettings = {
				ALWAYS_SEARCH_USER_PATHS = NO;
				CLANG_ANALYZER_NONNULL = YES;
				CLANG_ANALYZER_NUMBER_OBJECT_CONVERSION = YES_AGGRESSIVE;
				CLANG_CXX_LANGUAGE_STANDARD = "gnu++14";
				CLANG_CXX_LIBRARY = "libc++";
				CLANG_ENABLE_MODULES = YES;
				CLANG_ENABLE_OBJC_ARC = YES;
				CLANG_ENABLE_OBJC_WEAK = YES;
				CLANG_WARN_BLOCK_CAPTURE_AUTORELEASING = YES;
				CLANG_WARN_BOOL_CONVERSION = YES;
				CLANG_WARN_COMMA = YES;
				CLANG_WARN_CONSTANT_CONVERSION = YES;
				CLANG_WARN_DEPRECATED_OBJC_IMPLEMENTATIONS = YES;
				CLANG_WARN_DIRECT_OBJC_ISA_USAGE = YES_ERROR;
				CLANG_WARN_DOCUMENTATION_COMMENTS = YES;
				CLANG_WARN_EMPTY_BODY = YES;
				CLANG_WARN_ENUM_CONVERSION = YES;
				CLANG_WARN_INFINITE_RECURSION = YES;
				CLANG_WARN_INT_CONVERSION = YES;
				CLANG_WARN_NON_LITERAL_NULL_CONVERSION = YES;
				CLANG_WARN_OBJC_IMPLICIT_RETAIN_SELF = YES;
				CLANG_WARN_OBJC_LITERAL_CONVERSION = YES;
				CLANG_WARN_OBJC_ROOT_CLASS = YES_ERROR;
				CLANG_WARN_QUOTED_INCLUDE_IN_FRAMEWORK_HEADER = YES;
				CLANG_WARN_RANGE_LOOP_ANALYSIS = YES;
				CLANG_WARN_STRICT_PROTOTYPES = YES;
				CLANG_WARN_SUSPICIOUS_MOVE = YES;
				CLANG_WARN_UNGUARDED_AVAILABILITY = YES_AGGRESSIVE;
				CLANG_WARN_UNREACHABLE_CODE = YES;
				CLANG_WARN__DUPLICATE_METHOD_MATCH = YES;
				COPY_PHASE_STRIP = NO;
				DEBUG_INFORMATION_FORMAT = dwarf;
				ENABLE_STRICT_OBJC_MSGSEND = YES;
				ENABLE_TESTABILITY = YES;
				GCC_C_LANGUAGE_STANDARD = gnu11;
				GCC_DYNAMIC_NO_PIC = NO;
				GCC_NO_COMMON_BLOCKS = YES;
				GCC_OPTIMIZATION_LEVEL = 0;
				GCC_PREPROCESSOR_DEFINITIONS = (
					"DEBUG=1",
					"$(inherited)",
				);
				GCC_WARN_64_TO_32_BIT_CONVERSION = YES;
				GCC_WARN_ABOUT_RETURN_TYPE = YES_ERROR;
				GCC_WARN_UNDECLARED_SELECTOR = YES;
				GCC_WARN_UNINITIALIZED_AUTOS = YES_AGGRESSIVE;
				GCC_WARN_UNUSED_FUNCTION = YES;
				GCC_WARN_UNUSED_VARIABLE = YES;
				IPHONEOS_DEPLOYMENT_TARGET = 14.4;
				MTL_ENABLE_DEBUG_INFO = INCLUDE_SOURCE;
				MTL_FAST_MATH = YES;
				ONLY_ACTIVE_ARCH = YES;
				SDKROOT = iphoneos;
				SWIFT_ACTIVE_COMPILATION_CONDITIONS = DEBUG;
				SWIFT_OPTIMIZATION_LEVEL = "-Onone";
			};
			name = Debug;
		};
		38557CB3262DC41100FD45F5 /* Release */ = {
			isa = XCBuildConfiguration;
			buildSettings = {
				ALWAYS_SEARCH_USER_PATHS = NO;
				CLANG_ANALYZER_NONNULL = YES;
				CLANG_ANALYZER_NUMBER_OBJECT_CONVERSION = YES_AGGRESSIVE;
				CLANG_CXX_LANGUAGE_STANDARD = "gnu++14";
				CLANG_CXX_LIBRARY = "libc++";
				CLANG_ENABLE_MODULES = YES;
				CLANG_ENABLE_OBJC_ARC = YES;
				CLANG_ENABLE_OBJC_WEAK = YES;
				CLANG_WARN_BLOCK_CAPTURE_AUTORELEASING = YES;
				CLANG_WARN_BOOL_CONVERSION = YES;
				CLANG_WARN_COMMA = YES;
				CLANG_WARN_CONSTANT_CONVERSION = YES;
				CLANG_WARN_DEPRECATED_OBJC_IMPLEMENTATIONS = YES;
				CLANG_WARN_DIRECT_OBJC_ISA_USAGE = YES_ERROR;
				CLANG_WARN_DOCUMENTATION_COMMENTS = YES;
				CLANG_WARN_EMPTY_BODY = YES;
				CLANG_WARN_ENUM_CONVERSION = YES;
				CLANG_WARN_INFINITE_RECURSION = YES;
				CLANG_WARN_INT_CONVERSION = YES;
				CLANG_WARN_NON_LITERAL_NULL_CONVERSION = YES;
				CLANG_WARN_OBJC_IMPLICIT_RETAIN_SELF = YES;
				CLANG_WARN_OBJC_LITERAL_CONVERSION = YES;
				CLANG_WARN_OBJC_ROOT_CLASS = YES_ERROR;
				CLANG_WARN_QUOTED_INCLUDE_IN_FRAMEWORK_HEADER = YES;
				CLANG_WARN_RANGE_LOOP_ANALYSIS = YES;
				CLANG_WARN_STRICT_PROTOTYPES = YES;
				CLANG_WARN_SUSPICIOUS_MOVE = YES;
				CLANG_WARN_UNGUARDED_AVAILABILITY = YES_AGGRESSIVE;
				CLANG_WARN_UNREACHABLE_CODE = YES;
				CLANG_WARN__DUPLICATE_METHOD_MATCH = YES;
				COPY_PHASE_STRIP = NO;
				DEBUG_INFORMATION_FORMAT = "dwarf-with-dsym";
				ENABLE_NS_ASSERTIONS = NO;
				ENABLE_STRICT_OBJC_MSGSEND = YES;
				GCC_C_LANGUAGE_STANDARD = gnu11;
				GCC_NO_COMMON_BLOCKS = YES;
				GCC_WARN_64_TO_32_BIT_CONVERSION = YES;
				GCC_WARN_ABOUT_RETURN_TYPE = YES_ERROR;
				GCC_WARN_UNDECLARED_SELECTOR = YES;
				GCC_WARN_UNINITIALIZED_AUTOS = YES_AGGRESSIVE;
				GCC_WARN_UNUSED_FUNCTION = YES;
				GCC_WARN_UNUSED_VARIABLE = YES;
				IPHONEOS_DEPLOYMENT_TARGET = 14.4;
				MTL_ENABLE_DEBUG_INFO = NO;
				MTL_FAST_MATH = YES;
				SDKROOT = iphoneos;
				SWIFT_COMPILATION_MODE = wholemodule;
				SWIFT_OPTIMIZATION_LEVEL = "-O";
				VALIDATE_PRODUCT = YES;
			};
			name = Release;
		};
		38557CB5262DC41100FD45F5 /* Debug */ = {
			isa = XCBuildConfiguration;
			buildSettings = {
				ASSETCATALOG_COMPILER_APPICON_NAME = AppIcon;
				ASSETCATALOG_COMPILER_GLOBAL_ACCENT_COLOR_NAME = AccentColor;
				CODE_SIGN_STYLE = Automatic;
				DEVELOPMENT_TEAM = 68MVDD6C42;
				INFOPLIST_FILE = "tanks brother/Info.plist";
				LD_RUNPATH_SEARCH_PATHS = (
					"$(inherited)",
					"@executable_path/Frameworks",
				);
				PRODUCT_BUNDLE_IDENTIFIER = "com-KiYoung.tanks-brother";
				PRODUCT_NAME = "$(TARGET_NAME)";
				SWIFT_VERSION = 5.0;
				TARGETED_DEVICE_FAMILY = "1,2";
			};
			name = Debug;
		};
		38557CB6262DC41100FD45F5 /* Release */ = {
			isa = XCBuildConfiguration;
			buildSettings = {
				ASSETCATALOG_COMPILER_APPICON_NAME = AppIcon;
				ASSETCATALOG_COMPILER_GLOBAL_ACCENT_COLOR_NAME = AccentColor;
				CODE_SIGN_STYLE = Automatic;
				DEVELOPMENT_TEAM = 68MVDD6C42;
				INFOPLIST_FILE = "tanks brother/Info.plist";
				LD_RUNPATH_SEARCH_PATHS = (
					"$(inherited)",
					"@executable_path/Frameworks",
				);
				PRODUCT_BUNDLE_IDENTIFIER = "com-KiYoung.tanks-brother";
				PRODUCT_NAME = "$(TARGET_NAME)";
				SWIFT_VERSION = 5.0;
				TARGETED_DEVICE_FAMILY = "1,2";
			};
			name = Release;
		};
		38557CB8262DC41100FD45F5 /* Debug */ = {
			isa = XCBuildConfiguration;
			buildSettings = {
				ALWAYS_EMBED_SWIFT_STANDARD_LIBRARIES = YES;
				BUNDLE_LOADER = "$(TEST_HOST)";
				CODE_SIGN_STYLE = Automatic;
				INFOPLIST_FILE = "tanks brotherTests/Info.plist";
				IPHONEOS_DEPLOYMENT_TARGET = 14.4;
				LD_RUNPATH_SEARCH_PATHS = (
					"$(inherited)",
					"@executable_path/Frameworks",
					"@loader_path/Frameworks",
				);
				PRODUCT_BUNDLE_IDENTIFIER = "com-KiYoung.tanks-brotherTests";
				PRODUCT_NAME = "$(TARGET_NAME)";
				SWIFT_VERSION = 5.0;
				TARGETED_DEVICE_FAMILY = "1,2";
				TEST_HOST = "$(BUILT_PRODUCTS_DIR)/tanks brother.app/tanks brother";
			};
			name = Debug;
		};
		38557CB9262DC41100FD45F5 /* Release */ = {
			isa = XCBuildConfiguration;
			buildSettings = {
				ALWAYS_EMBED_SWIFT_STANDARD_LIBRARIES = YES;
				BUNDLE_LOADER = "$(TEST_HOST)";
				CODE_SIGN_STYLE = Automatic;
				INFOPLIST_FILE = "tanks brotherTests/Info.plist";
				IPHONEOS_DEPLOYMENT_TARGET = 14.4;
				LD_RUNPATH_SEARCH_PATHS = (
					"$(inherited)",
					"@executable_path/Frameworks",
					"@loader_path/Frameworks",
				);
				PRODUCT_BUNDLE_IDENTIFIER = "com-KiYoung.tanks-brotherTests";
				PRODUCT_NAME = "$(TARGET_NAME)";
				SWIFT_VERSION = 5.0;
				TARGETED_DEVICE_FAMILY = "1,2";
				TEST_HOST = "$(BUILT_PRODUCTS_DIR)/tanks brother.app/tanks brother";
			};
			name = Release;
		};
		38557CBB262DC41100FD45F5 /* Debug */ = {
			isa = XCBuildConfiguration;
			buildSettings = {
				ALWAYS_EMBED_SWIFT_STANDARD_LIBRARIES = YES;
				CODE_SIGN_STYLE = Automatic;
				INFOPLIST_FILE = "tanks brotherUITests/Info.plist";
				LD_RUNPATH_SEARCH_PATHS = (
					"$(inherited)",
					"@executable_path/Frameworks",
					"@loader_path/Frameworks",
				);
				PRODUCT_BUNDLE_IDENTIFIER = "com-KiYoung.tanks-brotherUITests";
				PRODUCT_NAME = "$(TARGET_NAME)";
				SWIFT_VERSION = 5.0;
				TARGETED_DEVICE_FAMILY = "1,2";
				TEST_TARGET_NAME = "tanks brother";
			};
			name = Debug;
		};
		38557CBC262DC41100FD45F5 /* Release */ = {
			isa = XCBuildConfiguration;
			buildSettings = {
				ALWAYS_EMBED_SWIFT_STANDARD_LIBRARIES = YES;
				CODE_SIGN_STYLE = Automatic;
				INFOPLIST_FILE = "tanks brotherUITests/Info.plist";
				LD_RUNPATH_SEARCH_PATHS = (
					"$(inherited)",
					"@executable_path/Frameworks",
					"@loader_path/Frameworks",
				);
				PRODUCT_BUNDLE_IDENTIFIER = "com-KiYoung.tanks-brotherUITests";
				PRODUCT_NAME = "$(TARGET_NAME)";
				SWIFT_VERSION = 5.0;
				TARGETED_DEVICE_FAMILY = "1,2";
				TEST_TARGET_NAME = "tanks brother";
			};
			name = Release;
		};
/* End XCBuildConfiguration section */

/* Begin XCConfigurationList section */
		38557C85262DC41000FD45F5 /* Build configuration list for PBXProject "tanks brother" */ = {
			isa = XCConfigurationList;
			buildConfigurations = (
				38557CB2262DC41100FD45F5 /* Debug */,
				38557CB3262DC41100FD45F5 /* Release */,
			);
			defaultConfigurationIsVisible = 0;
			defaultConfigurationName = Release;
		};
		38557CB4262DC41100FD45F5 /* Build configuration list for PBXNativeTarget "tanks brother" */ = {
			isa = XCConfigurationList;
			buildConfigurations = (
				38557CB5262DC41100FD45F5 /* Debug */,
				38557CB6262DC41100FD45F5 /* Release */,
			);
			defaultConfigurationIsVisible = 0;
			defaultConfigurationName = Release;
		};
		38557CB7262DC41100FD45F5 /* Build configuration list for PBXNativeTarget "tanks brotherTests" */ = {
			isa = XCConfigurationList;
			buildConfigurations = (
				38557CB8262DC41100FD45F5 /* Debug */,
				38557CB9262DC41100FD45F5 /* Release */,
			);
			defaultConfigurationIsVisible = 0;
			defaultConfigurationName = Release;
		};
		38557CBA262DC41100FD45F5 /* Build configuration list for PBXNativeTarget "tanks brotherUITests" */ = {
			isa = XCConfigurationList;
			buildConfigurations = (
				38557CBB262DC41100FD45F5 /* Debug */,
				38557CBC262DC41100FD45F5 /* Release */,
			);
			defaultConfigurationIsVisible = 0;
			defaultConfigurationName = Release;
		};
/* End XCConfigurationList section */
	};
	rootObject = 38557C82262DC41000FD45F5 /* Project object */;
}
